
Microsoft Visual Studio Solution File, Format Version 12.00
# Visual Studio 15
VisualStudioVersion = 15.0.26430.16
MinimumVisualStudioVersion = 10.0.40219.1
Project("{FAE04EC0-301F-11D3-BF4B-00C04F79EFBC}") = "Portals", "Portals\Portals.csproj", "{245C1890-608E-4B48-A016-A42B0F19E017}"
EndProject
Project("{FAE04EC0-301F-11D3-BF4B-00C04F79EFBC}") = "Trucks", "Trucks\Trucks.csproj", "{9F31193C-95DB-489C-B598-63DBDA5DAEC5}"
EndProject
Global
	GlobalSection(SolutionConfigurationPlatforms) = preSolution
		Debug|Any CPU = Debug|Any CPU
		Release|Any CPU = Release|Any CPU
	EndGlobalSection
	GlobalSection(ProjectConfigurationPlatforms) = postSolution
		{245C1890-608E-4B48-A016-A42B0F19E017}.Debug|Any CPU.ActiveCfg = Debug|Any CPU
		{245C1890-608E-4B48-A016-A42B0F19E017}.Debug|Any CPU.Build.0 = Debug|Any CPU
		{245C1890-608E-4B48-A016-A42B0F19E017}.Release|Any CPU.ActiveCfg = Release|Any CPU
		{245C1890-608E-4B48-A016-A42B0F19E017}.Release|Any CPU.Build.0 = Release|Any CPU
		{9F31193C-95DB-489C-B598-63DBDA5DAEC5}.Debug|Any CPU.ActiveCfg = Debug|Any CPU
		{9F31193C-95DB-489C-B598-63DBDA5DAEC5}.Debug|Any CPU.Build.0 = Debug|Any CPU
		{9F31193C-95DB-489C-B598-63DBDA5DAEC5}.Release|Any CPU.ActiveCfg = Release|Any CPU
		{9F31193C-95DB-489C-B598-63DBDA5DAEC5}.Release|Any CPU.Build.0 = Release|Any CPU
	EndGlobalSection
	GlobalSection(SolutionProperties) = preSolution
		HideSolutionNode = FALSE
	EndGlobalSection
	GlobalSection(ExtensibilityGlobals) = postSolution
		SolutionGuid = {6B43370E-291E-4A98-AD8C-95EAE9F38339}
	EndGlobalSection
EndGlobal
