
Microsoft Visual Studio Solution File, Format Version 12.00
# Visual Studio 15
VisualStudioVersion = 15.0.26430.16
MinimumVisualStudioVersion = 10.0.40219.1
Project("{FAE04EC0-301F-11D3-BF4B-00C04F79EFBC}") = "ReverseString", "ReverseString\ReverseString.csproj", "{2C38905D-878D-46D6-BF1C-5EAC6D43DD8E}"
EndProject
Project("{FAE04EC0-301F-11D3-BF4B-00C04F79EFBC}") = "CorrectBrackets", "CorrectBrackets\CorrectBrackets.csproj", "{5FC8DAB1-758F-43DF-B3A9-5C11896D3A8F}"
EndProject
Project("{FAE04EC0-301F-11D3-BF4B-00C04F79EFBC}") = "SubstringInText", "SubstringInText\SubstringInText.csproj", "{15505CDA-9112-46B6-BDE7-525FAA0B88D8}"
EndProject
Project("{FAE04EC0-301F-11D3-BF4B-00C04F79EFBC}") = "StringLength", "StringLength\StringLength.csproj", "{55E6A9C0-63E0-418A-ACE0-970E58D1A86E}"
EndProject
Project("{FAE04EC0-301F-11D3-BF4B-00C04F79EFBC}") = "ExtranctSentences", "ExtranctSentences\ExtranctSentences.csproj", "{299B6C3C-8DDF-4251-B2BF-96B984065511}"
EndProject
Project("{FAE04EC0-301F-11D3-BF4B-00C04F79EFBC}") = "ParseTags", "ParseTags\ParseTags.csproj", "{DF4D066C-9590-4F8B-87C6-27B5956E4F1B}"
EndProject
Global
	GlobalSection(SolutionConfigurationPlatforms) = preSolution
		Debug|Any CPU = Debug|Any CPU
		Release|Any CPU = Release|Any CPU
	EndGlobalSection
	GlobalSection(ProjectConfigurationPlatforms) = postSolution
		{2C38905D-878D-46D6-BF1C-5EAC6D43DD8E}.Debug|Any CPU.ActiveCfg = Debug|Any CPU
		{2C38905D-878D-46D6-BF1C-5EAC6D43DD8E}.Debug|Any CPU.Build.0 = Debug|Any CPU
		{2C38905D-878D-46D6-BF1C-5EAC6D43DD8E}.Release|Any CPU.ActiveCfg = Release|Any CPU
		{2C38905D-878D-46D6-BF1C-5EAC6D43DD8E}.Release|Any CPU.Build.0 = Release|Any CPU
		{5FC8DAB1-758F-43DF-B3A9-5C11896D3A8F}.Debug|Any CPU.ActiveCfg = Debug|Any CPU
		{5FC8DAB1-758F-43DF-B3A9-5C11896D3A8F}.Debug|Any CPU.Build.0 = Debug|Any CPU
		{5FC8DAB1-758F-43DF-B3A9-5C11896D3A8F}.Release|Any CPU.ActiveCfg = Release|Any CPU
		{5FC8DAB1-758F-43DF-B3A9-5C11896D3A8F}.Release|Any CPU.Build.0 = Release|Any CPU
		{15505CDA-9112-46B6-BDE7-525FAA0B88D8}.Debug|Any CPU.ActiveCfg = Debug|Any CPU
		{15505CDA-9112-46B6-BDE7-525FAA0B88D8}.Debug|Any CPU.Build.0 = Debug|Any CPU
		{15505CDA-9112-46B6-BDE7-525FAA0B88D8}.Release|Any CPU.ActiveCfg = Release|Any CPU
		{15505CDA-9112-46B6-BDE7-525FAA0B88D8}.Release|Any CPU.Build.0 = Release|Any CPU
		{55E6A9C0-63E0-418A-ACE0-970E58D1A86E}.Debug|Any CPU.ActiveCfg = Debug|Any CPU
		{55E6A9C0-63E0-418A-ACE0-970E58D1A86E}.Debug|Any CPU.Build.0 = Debug|Any CPU
		{55E6A9C0-63E0-418A-ACE0-970E58D1A86E}.Release|Any CPU.ActiveCfg = Release|Any CPU
		{55E6A9C0-63E0-418A-ACE0-970E58D1A86E}.Release|Any CPU.Build.0 = Release|Any CPU
		{299B6C3C-8DDF-4251-B2BF-96B984065511}.Debug|Any CPU.ActiveCfg = Debug|Any CPU
		{299B6C3C-8DDF-4251-B2BF-96B984065511}.Debug|Any CPU.Build.0 = Debug|Any CPU
		{299B6C3C-8DDF-4251-B2BF-96B984065511}.Release|Any CPU.ActiveCfg = Release|Any CPU
		{299B6C3C-8DDF-4251-B2BF-96B984065511}.Release|Any CPU.Build.0 = Release|Any CPU
		{DF4D066C-9590-4F8B-87C6-27B5956E4F1B}.Debug|Any CPU.ActiveCfg = Debug|Any CPU
		{DF4D066C-9590-4F8B-87C6-27B5956E4F1B}.Debug|Any CPU.Build.0 = Debug|Any CPU
		{DF4D066C-9590-4F8B-87C6-27B5956E4F1B}.Release|Any CPU.ActiveCfg = Release|Any CPU
		{DF4D066C-9590-4F8B-87C6-27B5956E4F1B}.Release|Any CPU.Build.0 = Release|Any CPU
	EndGlobalSection
	GlobalSection(SolutionProperties) = preSolution
		HideSolutionNode = FALSE
	EndGlobalSection
EndGlobal
