
Microsoft Visual Studio Solution File, Format Version 12.00
# Visual Studio 15
VisualStudioVersion = 15.0.26430.16
MinimumVisualStudioVersion = 10.0.40219.1
Project("{FAE04EC0-301F-11D3-BF4B-00C04F79EFBC}") = "Mathematics", "Mathematics\Mathematics.csproj", "{E3DD04A2-CBE8-4528-8514-2CD588740671}"
EndProject
Project("{FAE04EC0-301F-11D3-BF4B-00C04F79EFBC}") = "ConsoleClient", "ConsoleClient\ConsoleClient.csproj", "{1060F263-8F7C-4939-B488-32338A041CEF}"
EndProject
Project("{FAE04EC0-301F-11D3-BF4B-00C04F79EFBC}") = "Mathematics.Tests", "Mathematics.Tests\Mathematics.Tests.csproj", "{4620BEBB-144F-4288-B8DA-94D1A73C51F3}"
EndProject
Global
	GlobalSection(SolutionConfigurationPlatforms) = preSolution
		Debug|Any CPU = Debug|Any CPU
		Release|Any CPU = Release|Any CPU
	EndGlobalSection
	GlobalSection(ProjectConfigurationPlatforms) = postSolution
		{E3DD04A2-CBE8-4528-8514-2CD588740671}.Debug|Any CPU.ActiveCfg = Debug|Any CPU
		{E3DD04A2-CBE8-4528-8514-2CD588740671}.Debug|Any CPU.Build.0 = Debug|Any CPU
		{E3DD04A2-CBE8-4528-8514-2CD588740671}.Release|Any CPU.ActiveCfg = Release|Any CPU
		{E3DD04A2-CBE8-4528-8514-2CD588740671}.Release|Any CPU.Build.0 = Release|Any CPU
		{1060F263-8F7C-4939-B488-32338A041CEF}.Debug|Any CPU.ActiveCfg = Debug|Any CPU
		{1060F263-8F7C-4939-B488-32338A041CEF}.Debug|Any CPU.Build.0 = Debug|Any CPU
		{1060F263-8F7C-4939-B488-32338A041CEF}.Release|Any CPU.ActiveCfg = Release|Any CPU
		{1060F263-8F7C-4939-B488-32338A041CEF}.Release|Any CPU.Build.0 = Release|Any CPU
		{4620BEBB-144F-4288-B8DA-94D1A73C51F3}.Debug|Any CPU.ActiveCfg = Debug|Any CPU
		{4620BEBB-144F-4288-B8DA-94D1A73C51F3}.Debug|Any CPU.Build.0 = Debug|Any CPU
		{4620BEBB-144F-4288-B8DA-94D1A73C51F3}.Release|Any CPU.ActiveCfg = Release|Any CPU
		{4620BEBB-144F-4288-B8DA-94D1A73C51F3}.Release|Any CPU.Build.0 = Release|Any CPU
	EndGlobalSection
	GlobalSection(SolutionProperties) = preSolution
		HideSolutionNode = FALSE
	EndGlobalSection
EndGlobal
