
Microsoft Visual Studio Solution File, Format Version 12.00
# Visual Studio 15
VisualStudioVersion = 15.0.26430.16
MinimumVisualStudioVersion = 10.0.40219.1
Project("{FAE04EC0-301F-11D3-BF4B-00C04F79EFBC}") = "FillTheMatrix", "FillTheMatrix\FillTheMatrix.csproj", "{8D8EC049-4C37-498A-A737-D184ACC397DB}"
EndProject
Project("{FAE04EC0-301F-11D3-BF4B-00C04F79EFBC}") = "LargestAreaInMatrix", "LargestAreaInMatrix\LargestAreaInMatrix.csproj", "{CD5D9A33-6A74-43DA-8158-42264B83EE8C}"
EndProject
Project("{FAE04EC0-301F-11D3-BF4B-00C04F79EFBC}") = "MaximalSum", "MaximalSum\MaximalSum.csproj", "{5629D9F8-EACE-4219-AA60-5302A6BBC4D5}"
EndProject
Project("{FAE04EC0-301F-11D3-BF4B-00C04F79EFBC}") = "SequenceInMatrix", "SequenceInMatrix\SequenceInMatrix.csproj", "{21594F8F-61DD-4C23-A844-2399E2BC8247}"
EndProject
Global
	GlobalSection(SolutionConfigurationPlatforms) = preSolution
		Debug|Any CPU = Debug|Any CPU
		Release|Any CPU = Release|Any CPU
	EndGlobalSection
	GlobalSection(ProjectConfigurationPlatforms) = postSolution
		{8D8EC049-4C37-498A-A737-D184ACC397DB}.Debug|Any CPU.ActiveCfg = Debug|Any CPU
		{8D8EC049-4C37-498A-A737-D184ACC397DB}.Debug|Any CPU.Build.0 = Debug|Any CPU
		{8D8EC049-4C37-498A-A737-D184ACC397DB}.Release|Any CPU.ActiveCfg = Release|Any CPU
		{8D8EC049-4C37-498A-A737-D184ACC397DB}.Release|Any CPU.Build.0 = Release|Any CPU
		{CD5D9A33-6A74-43DA-8158-42264B83EE8C}.Debug|Any CPU.ActiveCfg = Debug|Any CPU
		{CD5D9A33-6A74-43DA-8158-42264B83EE8C}.Debug|Any CPU.Build.0 = Debug|Any CPU
		{CD5D9A33-6A74-43DA-8158-42264B83EE8C}.Release|Any CPU.ActiveCfg = Release|Any CPU
		{CD5D9A33-6A74-43DA-8158-42264B83EE8C}.Release|Any CPU.Build.0 = Release|Any CPU
		{5629D9F8-EACE-4219-AA60-5302A6BBC4D5}.Debug|Any CPU.ActiveCfg = Debug|Any CPU
		{5629D9F8-EACE-4219-AA60-5302A6BBC4D5}.Debug|Any CPU.Build.0 = Debug|Any CPU
		{5629D9F8-EACE-4219-AA60-5302A6BBC4D5}.Release|Any CPU.ActiveCfg = Release|Any CPU
		{5629D9F8-EACE-4219-AA60-5302A6BBC4D5}.Release|Any CPU.Build.0 = Release|Any CPU
		{21594F8F-61DD-4C23-A844-2399E2BC8247}.Debug|Any CPU.ActiveCfg = Debug|Any CPU
		{21594F8F-61DD-4C23-A844-2399E2BC8247}.Debug|Any CPU.Build.0 = Debug|Any CPU
		{21594F8F-61DD-4C23-A844-2399E2BC8247}.Release|Any CPU.ActiveCfg = Release|Any CPU
		{21594F8F-61DD-4C23-A844-2399E2BC8247}.Release|Any CPU.Build.0 = Release|Any CPU
	EndGlobalSection
	GlobalSection(SolutionProperties) = preSolution
		HideSolutionNode = FALSE
	EndGlobalSection
EndGlobal
